// !$*UTF8*$!
{
	archiveVersion = 1;
	classes = {
	};
	objectVersion = 50;
	objects = {

/* Begin PBXBuildFile section */
		F4B65168237FD5810016DDDD /* AppDelegate.swift in Sources */ = {isa = PBXBuildFile; fileRef = F4B65167237FD5810016DDDD /* AppDelegate.swift */; };
		F4B6516A237FD5810016DDDD /* SceneDelegate.swift in Sources */ = {isa = PBXBuildFile; fileRef = F4B65169237FD5810016DDDD /* SceneDelegate.swift */; };
		F4B6516C237FD5810016DDDD /* ViewController.swift in Sources */ = {isa = PBXBuildFile; fileRef = F4B6516B237FD5810016DDDD /* ViewController.swift */; };
		F4B6516F237FD5810016DDDD /* Main.storyboard in Resources */ = {isa = PBXBuildFile; fileRef = F4B6516D237FD5810016DDDD /* Main.storyboard */; };
		F4B65171237FD5840016DDDD /* Assets.xcassets in Resources */ = {isa = PBXBuildFile; fileRef = F4B65170237FD5840016DDDD /* Assets.xcassets */; };
		F4B65174237FD5840016DDDD /* LaunchScreen.storyboard in Resources */ = {isa = PBXBuildFile; fileRef = F4B65172237FD5840016DDDD /* LaunchScreen.storyboard */; };
/* End PBXBuildFile section */

/* Begin PBXFileReference section */
		F4B65164237FD5810016DDDD /* auto-layout-with-uiscrollview.app */ = {isa = PBXFileReference; explicitFileType = wrapper.application; includeInIndex = 0; path = "auto-layout-with-uiscrollview.app"; sourceTree = BUILT_PRODUCTS_DIR; };
		F4B65167237FD5810016DDDD /* AppDelegate.swift */ = {isa = PBXFileReference; lastKnownFileType = sourcecode.swift; path = AppDelegate.swift; sourceTree = "<group>"; };
		F4B65169237FD5810016DDDD /* SceneDelegate.swift */ = {isa = PBXFileReference; lastKnownFileType = sourcecode.swift; path = SceneDelegate.swift; sourceTree = "<group>"; };
		F4B6516B237FD5810016DDDD /* ViewController.swift */ = {isa = PBXFileReference; lastKnownFileType = sourcecode.swift; path = ViewController.swift; sourceTree = "<group>"; };
		F4B6516E237FD5810016DDDD /* Base */ = {isa = PBXFileReference; lastKnownFileType = file.storyboard; name = Base; path = Base.lproj/Main.storyboard; sourceTree = "<group>"; };
		F4B65170237FD5840016DDDD /* Assets.xcassets */ = {isa = PBXFileReference; lastKnownFileType = folder.assetcatalog; path = Assets.xcassets; sourceTree = "<group>"; };
		F4B65173237FD5840016DDDD /* Base */ = {isa = PBXFileReference; lastKnownFileType = file.storyboard; name = Base; path = Base.lproj/LaunchScreen.storyboard; sourceTree = "<group>"; };
		F4B65175237FD5840016DDDD /* Info.plist */ = {isa = PBXFileReference; lastKnownFileType = text.plist.xml; path = Info.plist; sourceTree = "<group>"; };
/* End PBXFileReference section */

/* Begin PBXFrameworksBuildPhase section */
		F4B65161237FD5810016DDDD /* Frameworks */ = {
			isa = PBXFrameworksBuildPhase;
			buildActionMask = 2147483647;
			files = (
			);
			runOnlyForDeploymentPostprocessing = 0;
		};
/* End PBXFrameworksBuildPhase section */

/* Begin PBXGroup section */
		F4B6515B237FD5810016DDDD = {
			isa = PBXGroup;
			children = (
				F4B65166237FD5810016DDDD /* auto-layout-with-uiscrollview */,
				F4B65165237FD5810016DDDD /* Products */,
			);
			sourceTree = "<group>";
		};
		F4B65165237FD5810016DDDD /* Products */ = {
			isa = PBXGroup;
			children = (
				F4B65164237FD5810016DDDD /* auto-layout-with-uiscrollview.app */,
			);
			name = Products;
			sourceTree = "<group>";
		};
		F4B65166237FD5810016DDDD /* auto-layout-with-uiscrollview */ = {
			isa = PBXGroup;
			children = (
				F4B65167237FD5810016DDDD /* AppDelegate.swift */,
				F4B65169237FD5810016DDDD /* SceneDelegate.swift */,
				F4B6516B237FD5810016DDDD /* ViewController.swift */,
				F4B6516D237FD5810016DDDD /* Main.storyboard */,
				F4B65170237FD5840016DDDD /* Assets.xcassets */,
				F4B65172237FD5840016DDDD /* LaunchScreen.storyboard */,
				F4B65175237FD5840016DDDD /* Info.plist */,
			);
			path = "auto-layout-with-uiscrollview";
			sourceTree = "<group>";
		};
/* End PBXGroup section */

/* Begin PBXNativeTarget section */
		F4B65163237FD5810016DDDD /* auto-layout-with-uiscrollview */ = {
			isa = PBXNativeTarget;
			buildConfigurationList = F4B65178237FD5840016DDDD /* Build configuration list for PBXNativeTarget "auto-layout-with-uiscrollview" */;
			buildPhases = (
				F4B65160237FD5810016DDDD /* Sources */,
				F4B65161237FD5810016DDDD /* Frameworks */,
				F4B65162237FD5810016DDDD /* Resources */,
			);
			buildRules = (
			);
			dependencies = (
			);
			name = "auto-layout-with-uiscrollview";
			productName = "auto-layout-with-uiscrollview";
			productReference = F4B65164237FD5810016DDDD /* auto-layout-with-uiscrollview.app */;
			productType = "com.apple.product-type.application";
		};
/* End PBXNativeTarget section */

/* Begin PBXProject section */
		F4B6515C237FD5810016DDDD /* Project object */ = {
			isa = PBXProject;
			attributes = {
				LastSwiftUpdateCheck = 1100;
				LastUpgradeCheck = 1100;
				ORGANIZATIONNAME = "The Webdepot";
				TargetAttributes = {
					F4B65163237FD5810016DDDD = {
						CreatedOnToolsVersion = 11.0;
					};
				};
			};
			buildConfigurationList = F4B6515F237FD5810016DDDD /* Build configuration list for PBXProject "auto-layout-with-uiscrollview" */;
			compatibilityVersion = "Xcode 9.3";
			developmentRegion = en;
			hasScannedForEncodings = 0;
			knownRegions = (
				en,
				Base,
			);
			mainGroup = F4B6515B237FD5810016DDDD;
			productRefGroup = F4B65165237FD5810016DDDD /* Products */;
			projectDirPath = "";
			projectRoot = "";
			targets = (
				F4B65163237FD5810016DDDD /* auto-layout-with-uiscrollview */,
			);
		};
/* End PBXProject section */

/* Begin PBXResourcesBuildPhase section */
		F4B65162237FD5810016DDDD /* Resources */ = {
			isa = PBXResourcesBuildPhase;
			buildActionMask = 2147483647;
			files = (
				F4B65174237FD5840016DDDD /* LaunchScreen.storyboard in Resources */,
				F4B65171237FD5840016DDDD /* Assets.xcassets in Resources */,
				F4B6516F237FD5810016DDDD /* Main.storyboard in Resources */,
			);
			runOnlyForDeploymentPostprocessing = 0;
		};
/* End PBXResourcesBuildPhase section */

/* Begin PBXSourcesBuildPhase section */
		F4B65160237FD5810016DDDD /* Sources */ = {
			isa = PBXSourcesBuildPhase;
			buildActionMask = 2147483647;
			files = (
				F4B6516C237FD5810016DDDD /* ViewController.swift in Sources */,
				F4B65168237FD5810016DDDD /* AppDelegate.swift in Sources */,
				F4B6516A237FD5810016DDDD /* SceneDelegate.swift in Sources */,
			);
			runOnlyForDeploymentPostprocessing = 0;
		};
/* End PBXSourcesBuildPhase section */

/* Begin PBXVariantGroup section */
		F4B6516D237FD5810016DDDD /* Main.storyboard */ = {
			isa = PBXVariantGroup;
			children = (
				F4B6516E237FD5810016DDDD /* Base */,
			);
			name = Main.storyboard;
			sourceTree = "<group>";
		};
		F4B65172237FD5840016DDDD /* LaunchScreen.storyboard */ = {
			isa = PBXVariantGroup;
			children = (
				F4B65173237FD5840016DDDD /* Base */,
			);
			name = LaunchScreen.storyboard;
			sourceTree = "<group>";
		};
/* End PBXVariantGroup section */

/* Begin XCBuildConfiguration section */
		F4B65176237FD5840016DDDD /* Debug */ = {
			isa = XCBuildConfiguration;
			buildSettings = {
				ALWAYS_SEARCH_USER_PATHS = NO;
				CLANG_ANALYZER_NONNULL = YES;
				CLANG_ANALYZER_NUMBER_OBJECT_CONVERSION = YES_AGGRESSIVE;
				CLANG_CXX_LANGUAGE_STANDARD = "gnu++14";
				CLANG_CXX_LIBRARY = "libc++";
				CLANG_ENABLE_MODULES = YES;
				CLANG_ENABLE_OBJC_ARC = YES;
				CLANG_ENABLE_OBJC_WEAK = YES;
				CLANG_WARN_BLOCK_CAPTURE_AUTORELEASING = YES;
				CLANG_WARN_BOOL_CONVERSION = YES;
				CLANG_WARN_COMMA = YES;
				CLANG_WARN_CONSTANT_CONVERSION = YES;
				CLANG_WARN_DEPRECATED_OBJC_IMPLEMENTATIONS = YES;
				CLANG_WARN_DIRECT_OBJC_ISA_USAGE = YES_ERROR;
				CLANG_WARN_DOCUMENTATION_COMMENTS = YES;
				CLANG_WARN_EMPTY_BODY = YES;
				CLANG_WARN_ENUM_CONVERSION = YES;
				CLANG_WARN_INFINITE_RECURSION = YES;
				CLANG_WARN_INT_CONVERSION = YES;
				CLANG_WARN_NON_LITERAL_NULL_CONVERSION = YES;
				CLANG_WARN_OBJC_IMPLICIT_RETAIN_SELF = YES;
				CLANG_WARN_OBJC_LITERAL_CONVERSION = YES;
				CLANG_WARN_OBJC_ROOT_CLASS = YES_ERROR;
				CLANG_WARN_RANGE_LOOP_ANALYSIS = YES;
				CLANG_WARN_STRICT_PROTOTYPES = YES;
				CLANG_WARN_SUSPICIOUS_MOVE = YES;
				CLANG_WARN_UNGUARDED_AVAILABILITY = YES_AGGRESSIVE;
				CLANG_WARN_UNREACHABLE_CODE = YES;
				CLANG_WARN__DUPLICATE_METHOD_MATCH = YES;
				COPY_PHASE_STRIP = NO;
				DEBUG_INFORMATION_FORMAT = dwarf;
				ENABLE_STRICT_OBJC_MSGSEND = YES;
				ENABLE_TESTABILITY = YES;
				GCC_C_LANGUAGE_STANDARD = gnu11;
				GCC_DYNAMIC_NO_PIC = NO;
				GCC_NO_COMMON_BLOCKS = YES;
				GCC_OPTIMIZATION_LEVEL = 0;
				GCC_PREPROCESSOR_DEFINITIONS = (
					"DEBUG=1",
					"$(inherited)",
				);
				GCC_WARN_64_TO_32_BIT_CONVERSION = YES;
				GCC_WARN_ABOUT_RETURN_TYPE = YES_ERROR;
				GCC_WARN_UNDECLARED_SELECTOR = YES;
				GCC_WARN_UNINITIALIZED_AUTOS = YES_AGGRESSIVE;
				GCC_WARN_UNUSED_FUNCTION = YES;
				GCC_WARN_UNUSED_VARIABLE = YES;
				IPHONEOS_DEPLOYMENT_TARGET = 13.0;
				MTL_ENABLE_DEBUG_INFO = INCLUDE_SOURCE;
				MTL_FAST_MATH = YES;
				ONLY_ACTIVE_ARCH = YES;
				SDKROOT = iphoneos;
				SWIFT_ACTIVE_COMPILATION_CONDITIONS = DEBUG;
				SWIFT_OPTIMIZATION_LEVEL = "-Onone";
			};
			name = Debug;
		};
		F4B65177237FD5840016DDDD /* Release */ = {
			isa = XCBuildConfiguration;
			buildSettings = {
				ALWAYS_SEARCH_USER_PATHS = NO;
				CLANG_ANALYZER_NONNULL = YES;
				CLANG_ANALYZER_NUMBER_OBJECT_CONVERSION = YES_AGGRESSIVE;
				CLANG_CXX_LANGUAGE_STANDARD = "gnu++14";
				CLANG_CXX_LIBRARY = "libc++";
				CLANG_ENABLE_MODULES = YES;
				CLANG_ENABLE_OBJC_ARC = YES;
				CLANG_ENABLE_OBJC_WEAK = YES;
				CLANG_WARN_BLOCK_CAPTURE_AUTORELEASING = YES;
				CLANG_WARN_BOOL_CONVERSION = YES;
				CLANG_WARN_COMMA = YES;
				CLANG_WARN_CONSTANT_CONVERSION = YES;
				CLANG_WARN_DEPRECATED_OBJC_IMPLEMENTATIONS = YES;
				CLANG_WARN_DIRECT_OBJC_ISA_USAGE = YES_ERROR;
				CLANG_WARN_DOCUMENTATION_COMMENTS = YES;
				CLANG_WARN_EMPTY_BODY = YES;
				CLANG_WARN_ENUM_CONVERSION = YES;
				CLANG_WARN_INFINITE_RECURSION = YES;
				CLANG_WARN_INT_CONVERSION = YES;
				CLANG_WARN_NON_LITERAL_NULL_CONVERSION = YES;
				CLANG_WARN_OBJC_IMPLICIT_RETAIN_SELF = YES;
				CLANG_WARN_OBJC_LITERAL_CONVERSION = YES;
				CLANG_WARN_OBJC_ROOT_CLASS = YES_ERROR;
				CLANG_WARN_RANGE_LOOP_ANALYSIS = YES;
				CLANG_WARN_STRICT_PROTOTYPES = YES;
				CLANG_WARN_SUSPICIOUS_MOVE = YES;
				CLANG_WARN_UNGUARDED_AVAILABILITY = YES_AGGRESSIVE;
				CLANG_WARN_UNREACHABLE_CODE = YES;
				CLANG_WARN__DUPLICATE_METHOD_MATCH = YES;
				COPY_PHASE_STRIP = NO;
				DEBUG_INFORMATION_FORMAT = "dwarf-with-dsym";
				ENABLE_NS_ASSERTIONS = NO;
				ENABLE_STRICT_OBJC_MSGSEND = YES;
				GCC_C_LANGUAGE_STANDARD = gnu11;
				GCC_NO_COMMON_BLOCKS = YES;
				GCC_WARN_64_TO_32_BIT_CONVERSION = YES;
				GCC_WARN_ABOUT_RETURN_TYPE = YES_ERROR;
				GCC_WARN_UNDECLARED_SELECTOR = YES;
				GCC_WARN_UNINITIALIZED_AUTOS = YES_AGGRESSIVE;
				GCC_WARN_UNUSED_FUNCTION = YES;
				GCC_WARN_UNUSED_VARIABLE = YES;
				IPHONEOS_DEPLOYMENT_TARGET = 13.0;
				MTL_ENABLE_DEBUG_INFO = NO;
				MTL_FAST_MATH = YES;
				SDKROOT = iphoneos;
				SWIFT_COMPILATION_MODE = wholemodule;
				SWIFT_OPTIMIZATION_LEVEL = "-O";
				VALIDATE_PRODUCT = YES;
			};
			name = Release;
		};
		F4B65179237FD5840016DDDD /* Debug */ = {
			isa = XCBuildConfiguration;
			buildSettings = {
				ASSETCATALOG_COMPILER_APPICON_NAME = AppIcon;
				CODE_SIGN_STYLE = Automatic;
				INFOPLIST_FILE = "auto-layout-with-uiscrollview/Info.plist";
				LD_RUNPATH_SEARCH_PATHS = (
					"$(inherited)",
					"@executable_path/Frameworks",
				);
				PRODUCT_BUNDLE_IDENTIFIER = "com.thewebdepot.auto-layout-with-uiscrollview";
				PRODUCT_NAME = "$(TARGET_NAME)";
				SWIFT_VERSION = 5.0;
				TARGETED_DEVICE_FAMILY = "1,2";
			};
			name = Debug;
		};
		F4B6517A237FD5840016DDDD /* Release */ = {
			isa = XCBuildConfiguration;
			buildSettings = {
				ASSETCATALOG_COMPILER_APPICON_NAME = AppIcon;
				CODE_SIGN_STYLE = Automatic;
				INFOPLIST_FILE = "auto-layout-with-uiscrollview/Info.plist";
				LD_RUNPATH_SEARCH_PATHS = (
					"$(inherited)",
					"@executable_path/Frameworks",
				);
				PRODUCT_BUNDLE_IDENTIFIER = "com.thewebdepot.auto-layout-with-uiscrollview";
				PRODUCT_NAME = "$(TARGET_NAME)";
				SWIFT_VERSION = 5.0;
				TARGETED_DEVICE_FAMILY = "1,2";
			};
			name = Release;
		};
/* End XCBuildConfiguration section */

/* Begin XCConfigurationList section */
		F4B6515F237FD5810016DDDD /* Build configuration list for PBXProject "auto-layout-with-uiscrollview" */ = {
			isa = XCConfigurationList;
			buildConfigurations = (
				F4B65176237FD5840016DDDD /* Debug */,
				F4B65177237FD5840016DDDD /* Release */,
			);
			defaultConfigurationIsVisible = 0;
			defaultConfigurationName = Release;
		};
		F4B65178237FD5840016DDDD /* Build configuration list for PBXNativeTarget "auto-layout-with-uiscrollview" */ = {
			isa = XCConfigurationList;
			buildConfigurations = (
				F4B65179237FD5840016DDDD /* Debug */,
				F4B6517A237FD5840016DDDD /* Release */,
			);
			defaultConfigurationIsVisible = 0;
			defaultConfigurationName = Release;
		};
/* End XCConfigurationList section */
	};
	rootObject = F4B6515C237FD5810016DDDD /* Project object */;
}
